
Microsoft Visual Studio Solution File, Format Version 12.00
# Visual Studio 15
VisualStudioVersion = 15.0.26430.16
MinimumVisualStudioVersion = 10.0.40219.1
Project("{2150E333-8FDC-42A3-9474-1A3956D46DE8}") = "src", "src", "{A307D891-AF6E-4382-978E-37CA131D221F}"
EndProject
Project("{2150E333-8FDC-42A3-9474-1A3956D46DE8}") = "Solution Items", "Solution Items", "{88CE3781-E20B-4DB3-AA87-EA31CC22570C}"
	ProjectSection(SolutionItems) = preProject
		build.cmd = build.cmd
		build.fsx = build.fsx
		build.sh = build.sh
		paket.cmd = paket.cmd
		paket.dependencies = paket.dependencies
		paket.sh = paket.sh
		README.md = README.md
		SharedAssemblyInfo.cs = SharedAssemblyInfo.cs
	EndProjectSection
EndProject
Project("{2150E333-8FDC-42A3-9474-1A3956D46DE8}") = "tests", "tests", "{236C0B9D-A334-49E7-AA61-568558C9549E}"
EndProject
Project("{9A19103F-16F7-4668-BE54-9A1E7A4F7556}") = "Albelli.OpenTelemetry.Core", "src\Albelli.OpenTelemetry.Core\Albelli.OpenTelemetry.Core.csproj", "{936BAB0C-55B9-4466-8D24-BCEE4A20DC4F}"
EndProject
Project("{FAE04EC0-301F-11D3-BF4B-00C04F79EFBC}") = "Albelli.OpenTelemetry.SNS", "src\Albelli.OpenTelemetry.SNS\Albelli.OpenTelemetry.SNS.csproj", "{AACBE97D-2C23-4441-899E-1E84549DC0F6}"
EndProject
Project("{FAE04EC0-301F-11D3-BF4B-00C04F79EFBC}") = "Albelli.OpenTelemetry.Lambda.SNSEvents", "src\Albelli.OpenTelemetry.Lambda.SNSEvents\Albelli.OpenTelemetry.Lambda.SNSEvents.csproj", "{6D3FFEA1-27C3-4F2D-920D-616255C2D283}"
EndProject
Project("{FAE04EC0-301F-11D3-BF4B-00C04F79EFBC}") = "Albelli.OpenTelemetry.AspNetCore", "src\Albelli.OpenTelemetry.AspNetCore\Albelli.OpenTelemetry.AspNetCore.csproj", "{BAB8248E-F974-408E-A025-F7986AC44625}"
EndProject
Project("{FAE04EC0-301F-11D3-BF4B-00C04F79EFBC}") = "Albelli.OpenTelemetry.Lambda.SQSEvents", "src\Albelli.OpenTelemetry.Lambda.SQSEvents\Albelli.OpenTelemetry.Lambda.SQSEvents.csproj", "{CBEDE08A-601D-44B4-96F5-0D0C2451983C}"
EndProject
Project("{FAE04EC0-301F-11D3-BF4B-00C04F79EFBC}") = "Albelli.OpenTelemetry.Logging", "src\Albelli.OpenTelemetry.Logging\Albelli.OpenTelemetry.Logging.csproj", "{DE538C57-3B71-4CA2-B006-AE52E6BF41E1}"
EndProject
Project("{FAE04EC0-301F-11D3-BF4B-00C04F79EFBC}") = "Albelli.OpenTelemetry.SQS", "src\Albelli.OpenTelemetry.SQS\Albelli.OpenTelemetry.SQS.csproj", "{F27C690C-BAEF-4D64-AB7A-5CEFA9D56910}"
EndProject
Project("{FAE04EC0-301F-11D3-BF4B-00C04F79EFBC}") = "Albelli.OpenTelemetry.HttpClient", "src\Albelli.OpenTelemetry.HttpClient\Albelli.OpenTelemetry.HttpClient.csproj", "{1516E662-FB03-4F94-81CC-DA3D3D92B33D}"
EndProject
Global
	GlobalSection(SolutionConfigurationPlatforms) = preSolution
		Debug|Any CPU = Debug|Any CPU
		Release|Any CPU = Release|Any CPU
	EndGlobalSection
	GlobalSection(ProjectConfigurationPlatforms) = postSolution
		{936BAB0C-55B9-4466-8D24-BCEE4A20DC4F}.Debug|Any CPU.ActiveCfg = Debug|Any CPU
		{936BAB0C-55B9-4466-8D24-BCEE4A20DC4F}.Debug|Any CPU.Build.0 = Debug|Any CPU
		{936BAB0C-55B9-4466-8D24-BCEE4A20DC4F}.Release|Any CPU.ActiveCfg = Release|Any CPU
		{936BAB0C-55B9-4466-8D24-BCEE4A20DC4F}.Release|Any CPU.Build.0 = Release|Any CPU
		{AACBE97D-2C23-4441-899E-1E84549DC0F6}.Debug|Any CPU.ActiveCfg = Debug|Any CPU
		{AACBE97D-2C23-4441-899E-1E84549DC0F6}.Debug|Any CPU.Build.0 = Debug|Any CPU
		{AACBE97D-2C23-4441-899E-1E84549DC0F6}.Release|Any CPU.ActiveCfg = Release|Any CPU
		{AACBE97D-2C23-4441-899E-1E84549DC0F6}.Release|Any CPU.Build.0 = Release|Any CPU
		{6D3FFEA1-27C3-4F2D-920D-616255C2D283}.Debug|Any CPU.ActiveCfg = Debug|Any CPU
		{6D3FFEA1-27C3-4F2D-920D-616255C2D283}.Debug|Any CPU.Build.0 = Debug|Any CPU
		{6D3FFEA1-27C3-4F2D-920D-616255C2D283}.Release|Any CPU.ActiveCfg = Release|Any CPU
		{6D3FFEA1-27C3-4F2D-920D-616255C2D283}.Release|Any CPU.Build.0 = Release|Any CPU
		{BAB8248E-F974-408E-A025-F7986AC44625}.Debug|Any CPU.ActiveCfg = Debug|Any CPU
		{BAB8248E-F974-408E-A025-F7986AC44625}.Debug|Any CPU.Build.0 = Debug|Any CPU
		{BAB8248E-F974-408E-A025-F7986AC44625}.Release|Any CPU.ActiveCfg = Release|Any CPU
		{BAB8248E-F974-408E-A025-F7986AC44625}.Release|Any CPU.Build.0 = Release|Any CPU
		{CBEDE08A-601D-44B4-96F5-0D0C2451983C}.Debug|Any CPU.ActiveCfg = Debug|Any CPU
		{CBEDE08A-601D-44B4-96F5-0D0C2451983C}.Debug|Any CPU.Build.0 = Debug|Any CPU
		{CBEDE08A-601D-44B4-96F5-0D0C2451983C}.Release|Any CPU.ActiveCfg = Release|Any CPU
		{CBEDE08A-601D-44B4-96F5-0D0C2451983C}.Release|Any CPU.Build.0 = Release|Any CPU
		{DE538C57-3B71-4CA2-B006-AE52E6BF41E1}.Debug|Any CPU.ActiveCfg = Debug|Any CPU
		{DE538C57-3B71-4CA2-B006-AE52E6BF41E1}.Debug|Any CPU.Build.0 = Debug|Any CPU
		{DE538C57-3B71-4CA2-B006-AE52E6BF41E1}.Release|Any CPU.ActiveCfg = Release|Any CPU
		{DE538C57-3B71-4CA2-B006-AE52E6BF41E1}.Release|Any CPU.Build.0 = Release|Any CPU
		{F27C690C-BAEF-4D64-AB7A-5CEFA9D56910}.Debug|Any CPU.ActiveCfg = Debug|Any CPU
		{F27C690C-BAEF-4D64-AB7A-5CEFA9D56910}.Debug|Any CPU.Build.0 = Debug|Any CPU
		{F27C690C-BAEF-4D64-AB7A-5CEFA9D56910}.Release|Any CPU.ActiveCfg = Release|Any CPU
		{F27C690C-BAEF-4D64-AB7A-5CEFA9D56910}.Release|Any CPU.Build.0 = Release|Any CPU
		{1516E662-FB03-4F94-81CC-DA3D3D92B33D}.Debug|Any CPU.ActiveCfg = Debug|Any CPU
		{1516E662-FB03-4F94-81CC-DA3D3D92B33D}.Debug|Any CPU.Build.0 = Debug|Any CPU
		{1516E662-FB03-4F94-81CC-DA3D3D92B33D}.Release|Any CPU.ActiveCfg = Release|Any CPU
		{1516E662-FB03-4F94-81CC-DA3D3D92B33D}.Release|Any CPU.Build.0 = Release|Any CPU
	EndGlobalSection
	GlobalSection(SolutionProperties) = preSolution
		HideSolutionNode = FALSE
	EndGlobalSection
	GlobalSection(NestedProjects) = preSolution
		{936BAB0C-55B9-4466-8D24-BCEE4A20DC4F} = {A307D891-AF6E-4382-978E-37CA131D221F}
		{AACBE97D-2C23-4441-899E-1E84549DC0F6} = {A307D891-AF6E-4382-978E-37CA131D221F}
		{6D3FFEA1-27C3-4F2D-920D-616255C2D283} = {A307D891-AF6E-4382-978E-37CA131D221F}
		{BAB8248E-F974-408E-A025-F7986AC44625} = {A307D891-AF6E-4382-978E-37CA131D221F}
		{CBEDE08A-601D-44B4-96F5-0D0C2451983C} = {A307D891-AF6E-4382-978E-37CA131D221F}
		{DE538C57-3B71-4CA2-B006-AE52E6BF41E1} = {A307D891-AF6E-4382-978E-37CA131D221F}
		{F27C690C-BAEF-4D64-AB7A-5CEFA9D56910} = {A307D891-AF6E-4382-978E-37CA131D221F}
		{1516E662-FB03-4F94-81CC-DA3D3D92B33D} = {A307D891-AF6E-4382-978E-37CA131D221F}
	EndGlobalSection
EndGlobal
